// !$*UTF8*$!
{
	archiveVersion = 1;
	classes = {
	};
	objectVersion = 77;
	objects = {

/* Begin PBXContainerItemProxy section */
		6AF84E082E8AFCFD00DB8DDA /* PBXContainerItemProxy */ = {
			isa = PBXContainerItemProxy;
			containerPortal = 6AF84DF22E8AFCFA00DB8DDA /* Project object */;
			proxyType = 1;
			remoteGlobalIDString = 6AF84DF92E8AFCFA00DB8DDA;
			remoteInfo = "EventPilot Day Of Dashboard";
		};
		6AF84E122E8AFCFD00DB8DDA /* PBXContainerItemProxy */ = {
			isa = PBXContainerItemProxy;
			containerPortal = 6AF84DF22E8AFCFA00DB8DDA /* Project object */;
			proxyType = 1;
			remoteGlobalIDString = 6AF84DF92E8AFCFA00DB8DDA;
			remoteInfo = "EventPilot Day Of Dashboard";
		};
/* End PBXContainerItemProxy section */

/* Begin PBXFileReference section */
		6AF84DFA2E8AFCFA00DB8DDA /* EventPilot Day Of Dashboard.app */ = {isa = PBXFileReference; explicitFileType = wrapper.application; includeInIndex = 0; path = "EventPilot Day Of Dashboard.app"; sourceTree = BUILT_PRODUCTS_DIR; };
		6AF84E072E8AFCFD00DB8DDA /* EventPilot Day Of DashboardTests.xctest */ = {isa = PBXFileReference; explicitFileType = wrapper.cfbundle; includeInIndex = 0; path = "EventPilot Day Of DashboardTests.xctest"; sourceTree = BUILT_PRODUCTS_DIR; };
		6AF84E112E8AFCFD00DB8DDA /* EventPilot Day Of DashboardUITests.xctest */ = {isa = PBXFileReference; explicitFileType = wrapper.cfbundle; includeInIndex = 0; path = "EventPilot Day Of DashboardUITests.xctest"; sourceTree = BUILT_PRODUCTS_DIR; };
/* End PBXFileReference section */

/* Begin PBXFileSystemSynchronizedRootGroup section */
		6AF84DFC2E8AFCFA00DB8DDA /* EventPilot Day Of Dashboard */ = {
			isa = PBXFileSystemSynchronizedRootGroup;
			path = "EventPilot Day Of Dashboard";
			sourceTree = "<group>";
		};
		6AF84E0A2E8AFCFD00DB8DDA /* EventPilot Day Of DashboardTests */ = {
			isa = PBXFileSystemSynchronizedRootGroup;
			path = "EventPilot Day Of DashboardTests";
			sourceTree = "<group>";
		};
		6AF84E142E8AFCFD00DB8DDA /* EventPilot Day Of DashboardUITests */ = {
			isa = PBXFileSystemSynchronizedRootGroup;
			path = "EventPilot Day Of DashboardUITests";
			sourceTree = "<group>";
		};
/* End PBXFileSystemSynchronizedRootGroup section */

/* Begin PBXFrameworksBuildPhase section */
		6AF84DF72E8AFCFA00DB8DDA /* Frameworks */ = {
			isa = PBXFrameworksBuildPhase;
			buildActionMask = 2147483647;
			files = (
			);
			runOnlyForDeploymentPostprocessing = 0;
		};
		6AF84E042E8AFCFD00DB8DDA /* Frameworks */ = {
			isa = PBXFrameworksBuildPhase;
			buildActionMask = 2147483647;
			files = (
			);
			runOnlyForDeploymentPostprocessing = 0;
		};
		6AF84E0E2E8AFCFD00DB8DDA /* Frameworks */ = {
			isa = PBXFrameworksBuildPhase;
			buildActionMask = 2147483647;
			files = (
			);
			runOnlyForDeploymentPostprocessing = 0;
		};
/* End PBXFrameworksBuildPhase section */

/* Begin PBXGroup section */
		6AF84DF12E8AFCFA00DB8DDA = {
			isa = PBXGroup;
			children = (
				6AF84DFC2E8AFCFA00DB8DDA /* EventPilot Day Of Dashboard */,
				6AF84E0A2E8AFCFD00DB8DDA /* EventPilot Day Of DashboardTests */,
				6AF84E142E8AFCFD00DB8DDA /* EventPilot Day Of DashboardUITests */,
				6AF84DFB2E8AFCFA00DB8DDA /* Products */,
			);
			sourceTree = "<group>";
		};
		6AF84DFB2E8AFCFA00DB8DDA /* Products */ = {
			isa = PBXGroup;
			children = (
				6AF84DFA2E8AFCFA00DB8DDA /* EventPilot Day Of Dashboard.app */,
				6AF84E072E8AFCFD00DB8DDA /* EventPilot Day Of DashboardTests.xctest */,
				6AF84E112E8AFCFD00DB8DDA /* EventPilot Day Of DashboardUITests.xctest */,
			);
			name = Products;
			sourceTree = "<group>";
		};
/* End PBXGroup section */

/* Begin PBXNativeTarget section */
		6AF84DF92E8AFCFA00DB8DDA /* EventPilot Day Of Dashboard */ = {
			isa = PBXNativeTarget;
			buildConfigurationList = 6AF84E1B2E8AFCFD00DB8DDA /* Build configuration list for PBXNativeTarget "EventPilot Day Of Dashboard" */;
			buildPhases = (
				6AF84DF62E8AFCFA00DB8DDA /* Sources */,
				6AF84DF72E8AFCFA00DB8DDA /* Frameworks */,
				6AF84DF82E8AFCFA00DB8DDA /* Resources */,
			);
			buildRules = (
			);
			dependencies = (
			);
			fileSystemSynchronizedGroups = (
				6AF84DFC2E8AFCFA00DB8DDA /* EventPilot Day Of Dashboard */,
			);
			name = "EventPilot Day Of Dashboard";
			packageProductDependencies = (
			);
			productName = "EventPilot Day Of Dashboard";
			productReference = 6AF84DFA2E8AFCFA00DB8DDA /* EventPilot Day Of Dashboard.app */;
			productType = "com.apple.product-type.application";
		};
		6AF84E062E8AFCFD00DB8DDA /* EventPilot Day Of DashboardTests */ = {
			isa = PBXNativeTarget;
			buildConfigurationList = 6AF84E1E2E8AFCFD00DB8DDA /* Build configuration list for PBXNativeTarget "EventPilot Day Of DashboardTests" */;
			buildPhases = (
				6AF84E032E8AFCFD00DB8DDA /* Sources */,
				6AF84E042E8AFCFD00DB8DDA /* Frameworks */,
				6AF84E052E8AFCFD00DB8DDA /* Resources */,
			);
			buildRules = (
			);
			dependencies = (
				6AF84E092E8AFCFD00DB8DDA /* PBXTargetDependency */,
			);
			fileSystemSynchronizedGroups = (
				6AF84E0A2E8AFCFD00DB8DDA /* EventPilot Day Of DashboardTests */,
			);
			name = "EventPilot Day Of DashboardTests";
			packageProductDependencies = (
			);
			productName = "EventPilot Day Of DashboardTests";
			productReference = 6AF84E072E8AFCFD00DB8DDA /* EventPilot Day Of DashboardTests.xctest */;
			productType = "com.apple.product-type.bundle.unit-test";
		};
		6AF84E102E8AFCFD00DB8DDA /* EventPilot Day Of DashboardUITests */ = {
			isa = PBXNativeTarget;
			buildConfigurationList = 6AF84E212E8AFCFD00DB8DDA /* Build configuration list for PBXNativeTarget "EventPilot Day Of DashboardUITests" */;
			buildPhases = (
				6AF84E0D2E8AFCFD00DB8DDA /* Sources */,
				6AF84E0E2E8AFCFD00DB8DDA /* Frameworks */,
				6AF84E0F2E8AFCFD00DB8DDA /* Resources */,
			);
			buildRules = (
			);
			dependencies = (
				6AF84E132E8AFCFD00DB8DDA /* PBXTargetDependency */,
			);
			fileSystemSynchronizedGroups = (
				6AF84E142E8AFCFD00DB8DDA /* EventPilot Day Of DashboardUITests */,
			);
			name = "EventPilot Day Of DashboardUITests";
			packageProductDependencies = (
			);
			productName = "EventPilot Day Of DashboardUITests";
			productReference = 6AF84E112E8AFCFD00DB8DDA /* EventPilot Day Of DashboardUITests.xctest */;
			productType = "com.apple.product-type.bundle.ui-testing";
		};
/* End PBXNativeTarget section */

/* Begin PBXProject section */
		6AF84DF22E8AFCFA00DB8DDA /* Project object */ = {
			isa = PBXProject;
			attributes = {
				BuildIndependentTargetsInParallel = 1;
				LastSwiftUpdateCheck = 2600;
				LastUpgradeCheck = 2600;
				TargetAttributes = {
					6AF84DF92E8AFCFA00DB8DDA = {
						CreatedOnToolsVersion = 26.0;
					};
					6AF84E062E8AFCFD00DB8DDA = {
						CreatedOnToolsVersion = 26.0;
						TestTargetID = 6AF84DF92E8AFCFA00DB8DDA;
					};
					6AF84E102E8AFCFD00DB8DDA = {
						CreatedOnToolsVersion = 26.0;
						TestTargetID = 6AF84DF92E8AFCFA00DB8DDA;
					};
				};
			};
			buildConfigurationList = 6AF84DF52E8AFCFA00DB8DDA /* Build configuration list for PBXProject "EventPilot Day Of Dashboard" */;
			developmentRegion = en;
			hasScannedForEncodings = 0;
			knownRegions = (
				en,
				Base,
			);
			mainGroup = 6AF84DF12E8AFCFA00DB8DDA;
			minimizedProjectReferenceProxies = 1;
			preferredProjectObjectVersion = 77;
			productRefGroup = 6AF84DFB2E8AFCFA00DB8DDA /* Products */;
			projectDirPath = "";
			projectRoot = "";
			targets = (
				6AF84DF92E8AFCFA00DB8DDA /* EventPilot Day Of Dashboard */,
				6AF84E062E8AFCFD00DB8DDA /* EventPilot Day Of DashboardTests */,
				6AF84E102E8AFCFD00DB8DDA /* EventPilot Day Of DashboardUITests */,
			);
		};
/* End PBXProject section */

/* Begin PBXResourcesBuildPhase section */
		6AF84DF82E8AFCFA00DB8DDA /* Resources */ = {
			isa = PBXResourcesBuildPhase;
			buildActionMask = 2147483647;
			files = (
			);
			runOnlyForDeploymentPostprocessing = 0;
		};
		6AF84E052E8AFCFD00DB8DDA /* Resources */ = {
			isa = PBXResourcesBuildPhase;
			buildActionMask = 2147483647;
			files = (
			);
			runOnlyForDeploymentPostprocessing = 0;
		};
		6AF84E0F2E8AFCFD00DB8DDA /* Resources */ = {
			isa = PBXResourcesBuildPhase;
			buildActionMask = 2147483647;
			files = (
			);
			runOnlyForDeploymentPostprocessing = 0;
		};
/* End PBXResourcesBuildPhase section */

/* Begin PBXSourcesBuildPhase section */
		6AF84DF62E8AFCFA00DB8DDA /* Sources */ = {
			isa = PBXSourcesBuildPhase;
			buildActionMask = 2147483647;
			files = (
			);
			runOnlyForDeploymentPostprocessing = 0;
		};
		6AF84E032E8AFCFD00DB8DDA /* Sources */ = {
			isa = PBXSourcesBuildPhase;
			buildActionMask = 2147483647;
			files = (
			);
			runOnlyForDeploymentPostprocessing = 0;
		};
		6AF84E0D2E8AFCFD00DB8DDA /* Sources */ = {
			isa = PBXSourcesBuildPhase;
			buildActionMask = 2147483647;
			files = (
			);
			runOnlyForDeploymentPostprocessing = 0;
		};
/* End PBXSourcesBuildPhase section */

/* Begin PBXTargetDependency section */
		6AF84E092E8AFCFD00DB8DDA /* PBXTargetDependency */ = {
			isa = PBXTargetDependency;
			target = 6AF84DF92E8AFCFA00DB8DDA /* EventPilot Day Of Dashboard */;
			targetProxy = 6AF84E082E8AFCFD00DB8DDA /* PBXContainerItemProxy */;
		};
		6AF84E132E8AFCFD00DB8DDA /* PBXTargetDependency */ = {
			isa = PBXTargetDependency;
			target = 6AF84DF92E8AFCFA00DB8DDA /* EventPilot Day Of Dashboard */;
			targetProxy = 6AF84E122E8AFCFD00DB8DDA /* PBXContainerItemProxy */;
		};
/* End PBXTargetDependency section */

/* Begin XCBuildConfiguration section */
		6AF84E192E8AFCFD00DB8DDA /* Debug */ = {
			isa = XCBuildConfiguration;
			buildSettings = {
				ALWAYS_SEARCH_USER_PATHS = NO;
				ASSETCATALOG_COMPILER_GENERATE_SWIFT_ASSET_SYMBOL_EXTENSIONS = YES;
				CLANG_ANALYZER_NONNULL = YES;
				CLANG_ANALYZER_NUMBER_OBJECT_CONVERSION = YES_AGGRESSIVE;
				CLANG_CXX_LANGUAGE_STANDARD = "gnu++20";
				CLANG_ENABLE_MODULES = YES;
				CLANG_ENABLE_OBJC_ARC = YES;
				CLANG_ENABLE_OBJC_WEAK = YES;
				CLANG_WARN_BLOCK_CAPTURE_AUTORELEASING = YES;
				CLANG_WARN_BOOL_CONVERSION = YES;
				CLANG_WARN_COMMA = YES;
				CLANG_WARN_CONSTANT_CONVERSION = YES;
				CLANG_WARN_DEPRECATED_OBJC_IMPLEMENTATIONS = YES;
				CLANG_WARN_DIRECT_OBJC_ISA_USAGE = YES_ERROR;
				CLANG_WARN_DOCUMENTATION_COMMENTS = YES;
				CLANG_WARN_EMPTY_BODY = YES;
				CLANG_WARN_ENUM_CONVERSION = YES;
				CLANG_WARN_INFINITE_RECURSION = YES;
				CLANG_WARN_INT_CONVERSION = YES;
				CLANG_WARN_NON_LITERAL_NULL_CONVERSION = YES;
				CLANG_WARN_OBJC_IMPLICIT_RETAIN_SELF = YES;
				CLANG_WARN_OBJC_LITERAL_CONVERSION = YES;
				CLANG_WARN_OBJC_ROOT_CLASS = YES_ERROR;
				CLANG_WARN_QUOTED_INCLUDE_IN_FRAMEWORK_HEADER = YES;
				CLANG_WARN_RANGE_LOOP_ANALYSIS = YES;
				CLANG_WARN_STRICT_PROTOTYPES = YES;
				CLANG_WARN_SUSPICIOUS_MOVE = YES;
				CLANG_WARN_UNGUARDED_AVAILABILITY = YES_AGGRESSIVE;
				CLANG_WARN_UNREACHABLE_CODE = YES;
				CLANG_WARN__DUPLICATE_METHOD_MATCH = YES;
				COPY_PHASE_STRIP = NO;
				DEBUG_INFORMATION_FORMAT = dwarf;
				DEVELOPMENT_TEAM = 2LXR6KM7AB;
				ENABLE_STRICT_OBJC_MSGSEND = YES;
				ENABLE_TESTABILITY = YES;
				ENABLE_USER_SCRIPT_SANDBOXING = YES;
				GCC_C_LANGUAGE_STANDARD = gnu17;
				GCC_DYNAMIC_NO_PIC = NO;
				GCC_NO_COMMON_BLOCKS = YES;
				GCC_OPTIMIZATION_LEVEL = 0;
				GCC_PREPROCESSOR_DEFINITIONS = (
					"DEBUG=1",
					"$(inherited)",
				);
				GCC_WARN_64_TO_32_BIT_CONVERSION = YES;
				GCC_WARN_ABOUT_RETURN_TYPE = YES_ERROR;
				GCC_WARN_UNDECLARED_SELECTOR = YES;
				GCC_WARN_UNINITIALIZED_AUTOS = YES_AGGRESSIVE;
				GCC_WARN_UNUSED_FUNCTION = YES;
				GCC_WARN_UNUSED_VARIABLE = YES;
				IPHONEOS_DEPLOYMENT_TARGET = 26.0;
				LOCALIZATION_PREFERS_STRING_CATALOGS = YES;
				MTL_ENABLE_DEBUG_INFO = INCLUDE_SOURCE;
				MTL_FAST_MATH = YES;
				ONLY_ACTIVE_ARCH = YES;
				SDKROOT = iphoneos;
				SWIFT_ACTIVE_COMPILATION_CONDITIONS = "DEBUG $(inherited)";
				SWIFT_OPTIMIZATION_LEVEL = "-Onone";
			};
			name = Debug;
		};
		6AF84E1A2E8AFCFD00DB8DDA /* Release */ = {
			isa = XCBuildConfiguration;
			buildSettings = {
				ALWAYS_SEARCH_USER_PATHS = NO;
				ASSETCATALOG_COMPILER_GENERATE_SWIFT_ASSET_SYMBOL_EXTENSIONS = YES;
				CLANG_ANALYZER_NONNULL = YES;
				CLANG_ANALYZER_NUMBER_OBJECT_CONVERSION = YES_AGGRESSIVE;
				CLANG_CXX_LANGUAGE_STANDARD = "gnu++20";
				CLANG_ENABLE_MODULES = YES;
				CLANG_ENABLE_OBJC_ARC = YES;
				CLANG_ENABLE_OBJC_WEAK = YES;
				CLANG_WARN_BLOCK_CAPTURE_AUTORELEASING = YES;
				CLANG_WARN_BOOL_CONVERSION = YES;
				CLANG_WARN_COMMA = YES;
				CLANG_WARN_CONSTANT_CONVERSION = YES;
				CLANG_WARN_DEPRECATED_OBJC_IMPLEMENTATIONS = YES;
				CLANG_WARN_DIRECT_OBJC_ISA_USAGE = YES_ERROR;
				CLANG_WARN_DOCUMENTATION_COMMENTS = YES;
				CLANG_WARN_EMPTY_BODY = YES;
				CLANG_WARN_ENUM_CONVERSION = YES;
				CLANG_WARN_INFINITE_RECURSION = YES;
				CLANG_WARN_INT_CONVERSION = YES;
				CLANG_WARN_NON_LITERAL_NULL_CONVERSION = YES;
				CLANG_WARN_OBJC_IMPLICIT_RETAIN_SELF = YES;
				CLANG_WARN_OBJC_LITERAL_CONVERSION = YES;
				CLANG_WARN_OBJC_ROOT_CLASS = YES_ERROR;
				CLANG_WARN_QUOTED_INCLUDE_IN_FRAMEWORK_HEADER = YES;
				CLANG_WARN_RANGE_LOOP_ANALYSIS = YES;
				CLANG_WARN_STRICT_PROTOTYPES = YES;
				CLANG_WARN_SUSPICIOUS_MOVE = YES;
				CLANG_WARN_UNGUARDED_AVAILABILITY = YES_AGGRESSIVE;
				CLANG_WARN_UNREACHABLE_CODE = YES;
				CLANG_WARN__DUPLICATE_METHOD_MATCH = YES;
				COPY_PHASE_STRIP = NO;
				DEBUG_INFORMATION_FORMAT = "dwarf-with-dsym";
				DEVELOPMENT_TEAM = 2LXR6KM7AB;
				ENABLE_NS_ASSERTIONS = NO;
				ENABLE_STRICT_OBJC_MSGSEND = YES;
				ENABLE_USER_SCRIPT_SANDBOXING = YES;
				GCC_C_LANGUAGE_STANDARD = gnu17;
				GCC_NO_COMMON_BLOCKS = YES;
				GCC_WARN_64_TO_32_BIT_CONVERSION = YES;
				GCC_WARN_ABOUT_RETURN_TYPE = YES_ERROR;
				GCC_WARN_UNDECLARED_SELECTOR = YES;
				GCC_WARN_UNINITIALIZED_AUTOS = YES_AGGRESSIVE;
				GCC_WARN_UNUSED_FUNCTION = YES;
				GCC_WARN_UNUSED_VARIABLE = YES;
				IPHONEOS_DEPLOYMENT_TARGET = 26.0;
				LOCALIZATION_PREFERS_STRING_CATALOGS = YES;
				MTL_ENABLE_DEBUG_INFO = NO;
				MTL_FAST_MATH = YES;
				SDKROOT = iphoneos;
				SWIFT_COMPILATION_MODE = wholemodule;
				VALIDATE_PRODUCT = YES;
			};
			name = Release;
		};
		6AF84E1C2E8AFCFD00DB8DDA /* Debug */ = {
			isa = XCBuildConfiguration;
			buildSettings = {
				ASSETCATALOG_COMPILER_APPICON_NAME = AppIcon;
				ASSETCATALOG_COMPILER_GLOBAL_ACCENT_COLOR_NAME = AccentColor;
				CODE_SIGN_STYLE = Automatic;
				CURRENT_PROJECT_VERSION = 1;
				DEVELOPMENT_TEAM = 2LXR6KM7AB;
				ENABLE_PREVIEWS = YES;
				GENERATE_INFOPLIST_FILE = YES;
				INFOPLIST_KEY_UIApplicationSceneManifest_Generation = YES;
				INFOPLIST_KEY_UIApplicationSupportsIndirectInputEvents = YES;
				INFOPLIST_KEY_UILaunchScreen_Generation = YES;
				INFOPLIST_KEY_UISupportedInterfaceOrientations_iPad = "UIInterfaceOrientationPortrait UIInterfaceOrientationPortraitUpsideDown UIInterfaceOrientationLandscapeLeft UIInterfaceOrientationLandscapeRight";
				INFOPLIST_KEY_UISupportedInterfaceOrientations_iPhone = "UIInterfaceOrientationPortrait UIInterfaceOrientationLandscapeLeft UIInterfaceOrientationLandscapeRight";
				LD_RUNPATH_SEARCH_PATHS = (
					"$(inherited)",
					"@executable_path/Frameworks",
				);
				MARKETING_VERSION = 1.0;
				PRODUCT_BUNDLE_IDENTIFIER = "com.geteventpilot.EventPilot-Day-Of-Dashboard";
				PRODUCT_NAME = "$(TARGET_NAME)";
				STRING_CATALOG_GENERATE_SYMBOLS = YES;
				SWIFT_APPROACHABLE_CONCURRENCY = YES;
				SWIFT_DEFAULT_ACTOR_ISOLATION = MainActor;
				SWIFT_EMIT_LOC_STRINGS = YES;
				SWIFT_UPCOMING_FEATURE_MEMBER_IMPORT_VISIBILITY = YES;
				SWIFT_VERSION = 5.0;
				TARGETED_DEVICE_FAMILY = "1,2";
			};
			name = Debug;
		};
		6AF84E1D2E8AFCFD00DB8DDA /* Release */ = {
			isa = XCBuildConfiguration;
			buildSettings = {
				ASSETCATALOG_COMPILER_APPICON_NAME = AppIcon;
				ASSETCATALOG_COMPILER_GLOBAL_ACCENT_COLOR_NAME = AccentColor;
				CODE_SIGN_STYLE = Automatic;
				CURRENT_PROJECT_VERSION = 1;
				DEVELOPMENT_TEAM = 2LXR6KM7AB;
				ENABLE_PREVIEWS = YES;
				GENERATE_INFOPLIST_FILE = YES;
				INFOPLIST_KEY_UIApplicationSceneManifest_Generation = YES;
				INFOPLIST_KEY_UIApplicationSupportsIndirectInputEvents = YES;
				INFOPLIST_KEY_UILaunchScreen_Generation = YES;
				INFOPLIST_KEY_UISupportedInterfaceOrientations_iPad = "UIInterfaceOrientationPortrait UIInterfaceOrientationPortraitUpsideDown UIInterfaceOrientationLandscapeLeft UIInterfaceOrientationLandscapeRight";
				INFOPLIST_KEY_UISupportedInterfaceOrientations_iPhone = "UIInterfaceOrientationPortrait UIInterfaceOrientationLandscapeLeft UIInterfaceOrientationLandscapeRight";
				LD_RUNPATH_SEARCH_PATHS = (
					"$(inherited)",
					"@executable_path/Frameworks",
				);
				MARKETING_VERSION = 1.0;
				PRODUCT_BUNDLE_IDENTIFIER = "com.geteventpilot.EventPilot-Day-Of-Dashboard";
				PRODUCT_NAME = "$(TARGET_NAME)";
				STRING_CATALOG_GENERATE_SYMBOLS = YES;
				SWIFT_APPROACHABLE_CONCURRENCY = YES;
				SWIFT_DEFAULT_ACTOR_ISOLATION = MainActor;
				SWIFT_EMIT_LOC_STRINGS = YES;
				SWIFT_UPCOMING_FEATURE_MEMBER_IMPORT_VISIBILITY = YES;
				SWIFT_VERSION = 5.0;
				TARGETED_DEVICE_FAMILY = "1,2";
			};
			name = Release;
		};
		6AF84E1F2E8AFCFD00DB8DDA /* Debug */ = {
			isa = XCBuildConfiguration;
			buildSettings = {
				BUNDLE_LOADER = "$(TEST_HOST)";
				CODE_SIGN_STYLE = Automatic;
				CURRENT_PROJECT_VERSION = 1;
				DEVELOPMENT_TEAM = 2LXR6KM7AB;
				GENERATE_INFOPLIST_FILE = YES;
				IPHONEOS_DEPLOYMENT_TARGET = 26.0;
				MARKETING_VERSION = 1.0;
				PRODUCT_BUNDLE_IDENTIFIER = "com.geteventpilot.EventPilot-Day-Of-DashboardTests";
				PRODUCT_NAME = "$(TARGET_NAME)";
				STRING_CATALOG_GENERATE_SYMBOLS = NO;
				SWIFT_APPROACHABLE_CONCURRENCY = YES;
				SWIFT_EMIT_LOC_STRINGS = NO;
				SWIFT_UPCOMING_FEATURE_MEMBER_IMPORT_VISIBILITY = YES;
				SWIFT_VERSION = 5.0;
				TARGETED_DEVICE_FAMILY = "1,2";
				TEST_HOST = "$(BUILT_PRODUCTS_DIR)/EventPilot Day Of Dashboard.app/$(BUNDLE_EXECUTABLE_FOLDER_PATH)/EventPilot Day Of Dashboard";
			};
			name = Debug;
		};
		6AF84E202E8AFCFD00DB8DDA /* Release */ = {
			isa = XCBuildConfiguration;
			buildSettings = {
				BUNDLE_LOADER = "$(TEST_HOST)";
				CODE_SIGN_STYLE = Automatic;
				CURRENT_PROJECT_VERSION = 1;
				DEVELOPMENT_TEAM = 2LXR6KM7AB;
				GENERATE_INFOPLIST_FILE = YES;
				IPHONEOS_DEPLOYMENT_TARGET = 26.0;
				MARKETING_VERSION = 1.0;
				PRODUCT_BUNDLE_IDENTIFIER = "com.geteventpilot.EventPilot-Day-Of-DashboardTests";
				PRODUCT_NAME = "$(TARGET_NAME)";
				STRING_CATALOG_GENERATE_SYMBOLS = NO;
				SWIFT_APPROACHABLE_CONCURRENCY = YES;
				SWIFT_EMIT_LOC_STRINGS = NO;
				SWIFT_UPCOMING_FEATURE_MEMBER_IMPORT_VISIBILITY = YES;
				SWIFT_VERSION = 5.0;
				TARGETED_DEVICE_FAMILY = "1,2";
				TEST_HOST = "$(BUILT_PRODUCTS_DIR)/EventPilot Day Of Dashboard.app/$(BUNDLE_EXECUTABLE_FOLDER_PATH)/EventPilot Day Of Dashboard";
			};
			name = Release;
		};
		6AF84E222E8AFCFD00DB8DDA /* Debug */ = {
			isa = XCBuildConfiguration;
			buildSettings = {
				CODE_SIGN_STYLE = Automatic;
				CURRENT_PROJECT_VERSION = 1;
				DEVELOPMENT_TEAM = 2LXR6KM7AB;
				GENERATE_INFOPLIST_FILE = YES;
				MARKETING_VERSION = 1.0;
				PRODUCT_BUNDLE_IDENTIFIER = "com.geteventpilot.EventPilot-Day-Of-DashboardUITests";
				PRODUCT_NAME = "$(TARGET_NAME)";
				STRING_CATALOG_GENERATE_SYMBOLS = NO;
				SWIFT_APPROACHABLE_CONCURRENCY = YES;
				SWIFT_EMIT_LOC_STRINGS = NO;
				SWIFT_UPCOMING_FEATURE_MEMBER_IMPORT_VISIBILITY = YES;
				SWIFT_VERSION = 5.0;
				TARGETED_DEVICE_FAMILY = "1,2";
				TEST_TARGET_NAME = "EventPilot Day Of Dashboard";
			};
			name = Debug;
		};
		6AF84E232E8AFCFD00DB8DDA /* Release */ = {
			isa = XCBuildConfiguration;
			buildSettings = {
				CODE_SIGN_STYLE = Automatic;
				CURRENT_PROJECT_VERSION = 1;
				DEVELOPMENT_TEAM = 2LXR6KM7AB;
				GENERATE_INFOPLIST_FILE = YES;
				MARKETING_VERSION = 1.0;
				PRODUCT_BUNDLE_IDENTIFIER = "com.geteventpilot.EventPilot-Day-Of-DashboardUITests";
				PRODUCT_NAME = "$(TARGET_NAME)";
				STRING_CATALOG_GENERATE_SYMBOLS = NO;
				SWIFT_APPROACHABLE_CONCURRENCY = YES;
				SWIFT_EMIT_LOC_STRINGS = NO;
				SWIFT_UPCOMING_FEATURE_MEMBER_IMPORT_VISIBILITY = YES;
				SWIFT_VERSION = 5.0;
				TARGETED_DEVICE_FAMILY = "1,2";
				TEST_TARGET_NAME = "EventPilot Day Of Dashboard";
			};
			name = Release;
		};
/* End XCBuildConfiguration section */

/* Begin XCConfigurationList section */
		6AF84DF52E8AFCFA00DB8DDA /* Build configuration list for PBXProject "EventPilot Day Of Dashboard" */ = {
			isa = XCConfigurationList;
			buildConfigurations = (
				6AF84E192E8AFCFD00DB8DDA /* Debug */,
				6AF84E1A2E8AFCFD00DB8DDA /* Release */,
			);
			defaultConfigurationIsVisible = 0;
			defaultConfigurationName = Release;
		};
		6AF84E1B2E8AFCFD00DB8DDA /* Build configuration list for PBXNativeTarget "EventPilot Day Of Dashboard" */ = {
			isa = XCConfigurationList;
			buildConfigurations = (
				6AF84E1C2E8AFCFD00DB8DDA /* Debug */,
				6AF84E1D2E8AFCFD00DB8DDA /* Release */,
			);
			defaultConfigurationIsVisible = 0;
			defaultConfigurationName = Release;
		};
		6AF84E1E2E8AFCFD00DB8DDA /* Build configuration list for PBXNativeTarget "EventPilot Day Of DashboardTests" */ = {
			isa = XCConfigurationList;
			buildConfigurations = (
				6AF84E1F2E8AFCFD00DB8DDA /* Debug */,
				6AF84E202E8AFCFD00DB8DDA /* Release */,
			);
			defaultConfigurationIsVisible = 0;
			defaultConfigurationName = Release;
		};
		6AF84E212E8AFCFD00DB8DDA /* Build configuration list for PBXNativeTarget "EventPilot Day Of DashboardUITests" */ = {
			isa = XCConfigurationList;
			buildConfigurations = (
				6AF84E222E8AFCFD00DB8DDA /* Debug */,
				6AF84E232E8AFCFD00DB8DDA /* Release */,
			);
			defaultConfigurationIsVisible = 0;
			defaultConfigurationName = Release;
		};
/* End XCConfigurationList section */
	};
	rootObject = 6AF84DF22E8AFCFA00DB8DDA /* Project object */;
}
